
Microsoft Visual Studio Solution File, Format Version 12.00
# Visual Studio Version 16
VisualStudioVersion = 16.0.30907.101
MinimumVisualStudioVersion = 10.0.40219.1
Project("{9A19103F-16F7-4668-BE54-9A1E7A4F7556}") = "PlayFabQosTester", "PlayFabQosTester\PlayFabQosTester.csproj", "{575A1D38-3BE1-4F50-A9FA-6A9BE799BA0C}"
EndProject
Project("{FAE04EC0-301F-11D3-BF4B-00C04F79EFBC}") = "PlayFabSDKWrapper", "PlayFabSDKWrapper\PlayFabSDKWrapper.csproj", "{7B915351-9BBA-456B-B32A-38F48C9250BF}"
EndProject
Global
	GlobalSection(SolutionConfigurationPlatforms) = preSolution
		Debug|Any CPU = Debug|Any CPU
		Release|Any CPU = Release|Any CPU
	EndGlobalSection
	GlobalSection(ProjectConfigurationPlatforms) = postSolution
		{575A1D38-3BE1-4F50-A9FA-6A9BE799BA0C}.Debug|Any CPU.ActiveCfg = Debug|Any CPU
		{575A1D38-3BE1-4F50-A9FA-6A9BE799BA0C}.Debug|Any CPU.Build.0 = Debug|Any CPU
		{575A1D38-3BE1-4F50-A9FA-6A9BE799BA0C}.Release|Any CPU.ActiveCfg = Release|Any CPU
		{575A1D38-3BE1-4F50-A9FA-6A9BE799BA0C}.Release|Any CPU.Build.0 = Release|Any CPU
		{7B915351-9BBA-456B-B32A-38F48C9250BF}.Debug|Any CPU.ActiveCfg = Debug|Any CPU
		{7B915351-9BBA-456B-B32A-38F48C9250BF}.Debug|Any CPU.Build.0 = Debug|Any CPU
		{7B915351-9BBA-456B-B32A-38F48C9250BF}.Release|Any CPU.ActiveCfg = Release|Any CPU
		{7B915351-9BBA-456B-B32A-38F48C9250BF}.Release|Any CPU.Build.0 = Release|Any CPU
	EndGlobalSection
	GlobalSection(SolutionProperties) = preSolution
		HideSolutionNode = FALSE
	EndGlobalSection
	GlobalSection(ExtensibilityGlobals) = postSolution
		SolutionGuid = {D68A5E04-DE72-4B74-9378-CE0F135C8956}
	EndGlobalSection
EndGlobal
